// !$*UTF8*$!
{
	archiveVersion = 1;
	classes = {
	};
	objectVersion = 51;
	objects = {

/* Begin PBXBuildFile section */
		8E10DDAF234C3402006A46F2 /* MGoogleADViewController.swift in Sources */ = {isa = PBXBuildFile; fileRef = 8E10DDAE234C3402006A46F2 /* MGoogleADViewController.swift */; };
		8E10DDB1234C5FE3006A46F2 /* MapViewController.swift in Sources */ = {isa = PBXBuildFile; fileRef = 8E10DDB0234C5FE3006A46F2 /* MapViewController.swift */; };
		8E10DDB3234C6AC8006A46F2 /* MapManager.swift in Sources */ = {isa = PBXBuildFile; fileRef = 8E10DDB2234C6AC8006A46F2 /* MapManager.swift */; };
		8E10DDB92359A955006A46F2 /* StockNumberViewController.swift in Sources */ = {isa = PBXBuildFile; fileRef = 8E10DDB82359A955006A46F2 /* StockNumberViewController.swift */; };
		8E2765632474C6810024573B /* Financing ViewController.swift in Sources */ = {isa = PBXBuildFile; fileRef = 8E2765622474C6810024573B /* Financing ViewController.swift */; };
		8E276565247D18E20024573B /* IAPViewController.swift in Sources */ = {isa = PBXBuildFile; fileRef = 8E276564247D18E20024573B /* IAPViewController.swift */; };
		8E2AB6D3238E1DA20079910F /* FuturesViewController.swift in Sources */ = {isa = PBXBuildFile; fileRef = 8E2AB6D2238E1DA20079910F /* FuturesViewController.swift */; };
		8E485E9024BE9EAF005E718E /* AddNewsViewController.swift in Sources */ = {isa = PBXBuildFile; fileRef = 8E485E8F24BE9EAF005E718E /* AddNewsViewController.swift */; };
		8E48E4E823EBB2A500384D25 /* SellAndPutViewController.swift in Sources */ = {isa = PBXBuildFile; fileRef = 8E48E4E723EBB2A500384D25 /* SellAndPutViewController.swift */; };
		8E48E4EA23F131CC00384D25 /* ShareListViewController.swift in Sources */ = {isa = PBXBuildFile; fileRef = 8E48E4E923F131CC00384D25 /* ShareListViewController.swift */; };
		8E48E4F023F3E48800384D25 /* FirebaseManager.swift in Sources */ = {isa = PBXBuildFile; fileRef = 8E48E4EF23F3E48700384D25 /* FirebaseManager.swift */; };
		8E48E4F223F3E4E000384D25 /* UiManager.swift in Sources */ = {isa = PBXBuildFile; fileRef = 8E48E4F123F3E4E000384D25 /* UiManager.swift */; };
		8E48E4F423F3E66600384D25 /* DateManager.swift in Sources */ = {isa = PBXBuildFile; fileRef = 8E48E4F323F3E66600384D25 /* DateManager.swift */; };
		8E781F77248DD39A00F1224B /* GoogleService-Info.plist in Resources */ = {isa = PBXBuildFile; fileRef = 8E781F76248DD39A00F1224B /* GoogleService-Info.plist */; };
		8E87122B23489A3B00795029 /* Base64Manager.swift in Sources */ = {isa = PBXBuildFile; fileRef = 8E87122A23489A3B00795029 /* Base64Manager.swift */; };
		8E87122D23489E7000795029 /* CamerManager.swift in Sources */ = {isa = PBXBuildFile; fileRef = 8E87122C23489E7000795029 /* CamerManager.swift */; };
		8E87122F234ADCE000795029 /* MemberCenterViewController.swift in Sources */ = {isa = PBXBuildFile; fileRef = 8E87122E234ADCE000795029 /* MemberCenterViewController.swift */; };
		8E871231234AFF1000795029 /* StoreKit.framework in Frameworks */ = {isa = PBXBuildFile; fileRef = 8E871230234AFF1000795029 /* StoreKit.framework */; };
		8E898F1E2462BDEC0072E3AA /* OtherViewController.swift in Sources */ = {isa = PBXBuildFile; fileRef = 8E898F1D2462BDEC0072E3AA /* OtherViewController.swift */; };
		8E898F202463E37A0072E3AA /* SSFViewController.swift in Sources */ = {isa = PBXBuildFile; fileRef = 8E898F1F2463E37A0072E3AA /* SSFViewController.swift */; };
		8EB01C992422197400A7E992 /* BrokerViewController.swift in Sources */ = {isa = PBXBuildFile; fileRef = 8EB01C982422197400A7E992 /* BrokerViewController.swift */; };
		8EB01C9B242345F000A7E992 /* QuotesViewController.swift in Sources */ = {isa = PBXBuildFile; fileRef = 8EB01C9A242345F000A7E992 /* QuotesViewController.swift */; };
		8EB01C9D242C87C100A7E992 /* ProFitViewController.swift in Sources */ = {isa = PBXBuildFile; fileRef = 8EB01C9C242C87C100A7E992 /* ProFitViewController.swift */; };
		8EB8B6BF2484D5D500F14AEE /* IAPurchaseViewControllerDelegate.swift in Sources */ = {isa = PBXBuildFile; fileRef = 8EB8B6BE2484D5D500F14AEE /* IAPurchaseViewControllerDelegate.swift */; };
		8EBF7980236978F000E569C2 /* QAListViewController.swift in Sources */ = {isa = PBXBuildFile; fileRef = 8EBF797F236978F000E569C2 /* QAListViewController.swift */; };
		8EBF7984236ACE8E00E569C2 /* TimerManager.swift in Sources */ = {isa = PBXBuildFile; fileRef = 8EBF7983236ACE8E00E569C2 /* TimerManager.swift */; };
		8ED1CB4B244856570050B5A4 /* SelectViewController.swift in Sources */ = {isa = PBXBuildFile; fileRef = 8ED1CB4A244856570050B5A4 /* SelectViewController.swift */; };
		8ED629F224C6C6DE00908253 /* ShareStockItem.swift in Sources */ = {isa = PBXBuildFile; fileRef = 8ED629F124C6C6DE00908253 /* ShareStockItem.swift */; };
		8ED629F724C8079300908253 /* ShareDetailViewController.swift in Sources */ = {isa = PBXBuildFile; fileRef = 8ED629F624C8079300908253 /* ShareDetailViewController.swift */; };
		8ED62A0B24DD2E3500908253 /* WarrantViewController.swift in Sources */ = {isa = PBXBuildFile; fileRef = 8ED62A0A24DD2E3500908253 /* WarrantViewController.swift */; };
		8ED642BC2420671300260E25 /* GetStockPriceManger.swift in Sources */ = {isa = PBXBuildFile; fileRef = 8ED642BB2420671300260E25 /* GetStockPriceManger.swift */; };
		8ED642BE242070EA00260E25 /* StockListViewController.swift in Sources */ = {isa = PBXBuildFile; fileRef = 8ED642BD242070EA00260E25 /* StockListViewController.swift */; };
		8ED642C224209F1600260E25 /* StockData.swift in Sources */ = {isa = PBXBuildFile; fileRef = 8ED642C124209F1600260E25 /* StockData.swift */; };
		8ED642C42420C09500260E25 /* StockDetailViewController.swift in Sources */ = {isa = PBXBuildFile; fileRef = 8ED642C32420C09400260E25 /* StockDetailViewController.swift */; };
		8ED642C62421F1E700260E25 /* ForeignInvestmentViewController.swift in Sources */ = {isa = PBXBuildFile; fileRef = 8ED642C52421F1E700260E25 /* ForeignInvestmentViewController.swift */; };
		8ED642C82422112E00260E25 /* TrustViewController.swift in Sources */ = {isa = PBXBuildFile; fileRef = 8ED642C72422112E00260E25 /* TrustViewController.swift */; };
		8ED642CA242216C800260E25 /* SelfEmployedViewController.swift in Sources */ = {isa = PBXBuildFile; fileRef = 8ED642C9242216C800260E25 /* SelfEmployedViewController.swift */; };
		8EEE3E992469357100B1493E /* SSFCalculateViewController.swift in Sources */ = {isa = PBXBuildFile; fileRef = 8EEE3E982469357100B1493E /* SSFCalculateViewController.swift */; };
		8EEE3E9B246BDCFC00B1493E /* ThreeViewController.swift in Sources */ = {isa = PBXBuildFile; fileRef = 8EEE3E9A246BDCFB00B1493E /* ThreeViewController.swift */; };
		8EF0005D23482F7D002ED120 /* MUIViewController.swift in Sources */ = {isa = PBXBuildFile; fileRef = 8EF0005C23482F7D002ED120 /* MUIViewController.swift */; };
		B74F5301220556340034DC5D /* AppDelegate.swift in Sources */ = {isa = PBXBuildFile; fileRef = B74F5300220556340034DC5D /* AppDelegate.swift */; };
		B74F5303220556340034DC5D /* ViewController.swift in Sources */ = {isa = PBXBuildFile; fileRef = B74F5302220556340034DC5D /* ViewController.swift */; };
		B74F5306220556340034DC5D /* Main.storyboard in Resources */ = {isa = PBXBuildFile; fileRef = B74F5304220556340034DC5D /* Main.storyboard */; };
		B74F5308220556350034DC5D /* Assets.xcassets in Resources */ = {isa = PBXBuildFile; fileRef = B74F5307220556350034DC5D /* Assets.xcassets */; };
		B74F53132205AB280034DC5D /* DayTradeViewController.swift in Sources */ = {isa = PBXBuildFile; fileRef = B74F53122205AB280034DC5D /* DayTradeViewController.swift */; };
		B769047822A663DE00E1B53F /* EveryDayController.swift in Sources */ = {isa = PBXBuildFile; fileRef = B769047722A663DE00E1B53F /* EveryDayController.swift */; };
		B77B6F642205D27A00A674D6 /* TradeDetailViewController.swift in Sources */ = {isa = PBXBuildFile; fileRef = B77B6F632205D27A00A674D6 /* TradeDetailViewController.swift */; };
		B77B6F662205D53300A674D6 /* MarginController.swift in Sources */ = {isa = PBXBuildFile; fileRef = B77B6F652205D53300A674D6 /* MarginController.swift */; };
		B7CF06CB11EB1F4AE60EC971 /* Pods_stockcomputer.framework in Frameworks */ = {isa = PBXBuildFile; fileRef = F377183FF9FA30554DD880DA /* Pods_stockcomputer.framework */; };
		B7E0A4622269998E00CF6005 /* HongKongController.swift in Sources */ = {isa = PBXBuildFile; fileRef = B7E0A4612269998E00CF6005 /* HongKongController.swift */; };
		B7E8C174226F015500792815 /* DistributionController.swift in Sources */ = {isa = PBXBuildFile; fileRef = B7E8C173226F015500792815 /* DistributionController.swift */; };
		B7E8C17622700BA100792815 /* MyLaunchScreen.storyboard in Resources */ = {isa = PBXBuildFile; fileRef = B7E8C17522700BA100792815 /* MyLaunchScreen.storyboard */; };
		B7E8C1782270197900792815 /* FBLoginViewController.swift in Sources */ = {isa = PBXBuildFile; fileRef = B7E8C1772270197900792815 /* FBLoginViewController.swift */; };
		B7E8C17C2271B65E00792815 /* FirebaseWorks.swift in Sources */ = {isa = PBXBuildFile; fileRef = B7E8C17B2271B65E00792815 /* FirebaseWorks.swift */; };
/* End PBXBuildFile section */

/* Begin PBXFileReference section */
		8E10DDAE234C3402006A46F2 /* MGoogleADViewController.swift */ = {isa = PBXFileReference; lastKnownFileType = sourcecode.swift; path = MGoogleADViewController.swift; sourceTree = "<group>"; };
		8E10DDB0234C5FE3006A46F2 /* MapViewController.swift */ = {isa = PBXFileReference; lastKnownFileType = sourcecode.swift; path = MapViewController.swift; sourceTree = "<group>"; };
		8E10DDB2234C6AC8006A46F2 /* MapManager.swift */ = {isa = PBXFileReference; lastKnownFileType = sourcecode.swift; path = MapManager.swift; sourceTree = "<group>"; };
		8E10DDB82359A955006A46F2 /* StockNumberViewController.swift */ = {isa = PBXFileReference; lastKnownFileType = sourcecode.swift; path = StockNumberViewController.swift; sourceTree = "<group>"; };
		8E2765622474C6810024573B /* Financing ViewController.swift */ = {isa = PBXFileReference; lastKnownFileType = sourcecode.swift; path = "Financing ViewController.swift"; sourceTree = "<group>"; };
		8E276564247D18E20024573B /* IAPViewController.swift */ = {isa = PBXFileReference; lastKnownFileType = sourcecode.swift; path = IAPViewController.swift; sourceTree = "<group>"; };
		8E2AB6D2238E1DA20079910F /* FuturesViewController.swift */ = {isa = PBXFileReference; lastKnownFileType = sourcecode.swift; path = FuturesViewController.swift; sourceTree = "<group>"; };
		8E485E8F24BE9EAF005E718E /* AddNewsViewController.swift */ = {isa = PBXFileReference; lastKnownFileType = sourcecode.swift; path = AddNewsViewController.swift; sourceTree = "<group>"; };
		8E48E4E723EBB2A500384D25 /* SellAndPutViewController.swift */ = {isa = PBXFileReference; lastKnownFileType = sourcecode.swift; path = SellAndPutViewController.swift; sourceTree = "<group>"; };
		8E48E4E923F131CC00384D25 /* ShareListViewController.swift */ = {isa = PBXFileReference; lastKnownFileType = sourcecode.swift; path = ShareListViewController.swift; sourceTree = "<group>"; };
		8E48E4EF23F3E48700384D25 /* FirebaseManager.swift */ = {isa = PBXFileReference; lastKnownFileType = sourcecode.swift; path = FirebaseManager.swift; sourceTree = "<group>"; };
		8E48E4F123F3E4E000384D25 /* UiManager.swift */ = {isa = PBXFileReference; lastKnownFileType = sourcecode.swift; path = UiManager.swift; sourceTree = "<group>"; };
		8E48E4F323F3E66600384D25 /* DateManager.swift */ = {isa = PBXFileReference; lastKnownFileType = sourcecode.swift; path = DateManager.swift; sourceTree = "<group>"; };
		8E781F76248DD39A00F1224B /* GoogleService-Info.plist */ = {isa = PBXFileReference; fileEncoding = 4; lastKnownFileType = text.plist.xml; name = "GoogleService-Info.plist"; path = "../../../Desktop/GoogleService-Info.plist"; sourceTree = "<group>"; };
		8E87122A23489A3B00795029 /* Base64Manager.swift */ = {isa = PBXFileReference; lastKnownFileType = sourcecode.swift; path = Base64Manager.swift; sourceTree = "<group>"; };
		8E87122C23489E7000795029 /* CamerManager.swift */ = {isa = PBXFileReference; lastKnownFileType = sourcecode.swift; path = CamerManager.swift; sourceTree = "<group>"; };
		8E87122E234ADCE000795029 /* MemberCenterViewController.swift */ = {isa = PBXFileReference; lastKnownFileType = sourcecode.swift; path = MemberCenterViewController.swift; sourceTree = "<group>"; };
		8E871230234AFF1000795029 /* StoreKit.framework */ = {isa = PBXFileReference; lastKnownFileType = wrapper.framework; name = StoreKit.framework; path = System/Library/Frameworks/StoreKit.framework; sourceTree = SDKROOT; };
		8E898F1D2462BDEC0072E3AA /* OtherViewController.swift */ = {isa = PBXFileReference; lastKnownFileType = sourcecode.swift; path = OtherViewController.swift; sourceTree = "<group>"; };
		8E898F1F2463E37A0072E3AA /* SSFViewController.swift */ = {isa = PBXFileReference; lastKnownFileType = sourcecode.swift; path = SSFViewController.swift; sourceTree = "<group>"; };
		8EB01C982422197400A7E992 /* BrokerViewController.swift */ = {isa = PBXFileReference; lastKnownFileType = sourcecode.swift; path = BrokerViewController.swift; sourceTree = "<group>"; };
		8EB01C9A242345F000A7E992 /* QuotesViewController.swift */ = {isa = PBXFileReference; lastKnownFileType = sourcecode.swift; path = QuotesViewController.swift; sourceTree = "<group>"; };
		8EB01C9C242C87C100A7E992 /* ProFitViewController.swift */ = {isa = PBXFileReference; lastKnownFileType = sourcecode.swift; path = ProFitViewController.swift; sourceTree = "<group>"; };
		8EB8B6BE2484D5D500F14AEE /* IAPurchaseViewControllerDelegate.swift */ = {isa = PBXFileReference; lastKnownFileType = sourcecode.swift; path = IAPurchaseViewControllerDelegate.swift; sourceTree = "<group>"; };
		8EBF797F236978F000E569C2 /* QAListViewController.swift */ = {isa = PBXFileReference; lastKnownFileType = sourcecode.swift; path = QAListViewController.swift; sourceTree = "<group>"; };
		8EBF7983236ACE8E00E569C2 /* TimerManager.swift */ = {isa = PBXFileReference; lastKnownFileType = sourcecode.swift; path = TimerManager.swift; sourceTree = "<group>"; };
		8ED1CB4A244856570050B5A4 /* SelectViewController.swift */ = {isa = PBXFileReference; lastKnownFileType = sourcecode.swift; path = SelectViewController.swift; sourceTree = "<group>"; };
		8ED629F124C6C6DE00908253 /* ShareStockItem.swift */ = {isa = PBXFileReference; lastKnownFileType = sourcecode.swift; path = ShareStockItem.swift; sourceTree = "<group>"; };
		8ED629F624C8079300908253 /* ShareDetailViewController.swift */ = {isa = PBXFileReference; lastKnownFileType = sourcecode.swift; path = ShareDetailViewController.swift; sourceTree = "<group>"; };
		8ED62A0A24DD2E3500908253 /* WarrantViewController.swift */ = {isa = PBXFileReference; lastKnownFileType = sourcecode.swift; path = WarrantViewController.swift; sourceTree = "<group>"; };
		8ED642BB2420671300260E25 /* GetStockPriceManger.swift */ = {isa = PBXFileReference; lastKnownFileType = sourcecode.swift; path = GetStockPriceManger.swift; sourceTree = "<group>"; };
		8ED642BD242070EA00260E25 /* StockListViewController.swift */ = {isa = PBXFileReference; lastKnownFileType = sourcecode.swift; path = StockListViewController.swift; sourceTree = "<group>"; };
		8ED642C124209F1600260E25 /* StockData.swift */ = {isa = PBXFileReference; lastKnownFileType = sourcecode.swift; path = StockData.swift; sourceTree = "<group>"; };
		8ED642C32420C09400260E25 /* StockDetailViewController.swift */ = {isa = PBXFileReference; lastKnownFileType = sourcecode.swift; path = StockDetailViewController.swift; sourceTree = "<group>"; };
		8ED642C52421F1E700260E25 /* ForeignInvestmentViewController.swift */ = {isa = PBXFileReference; lastKnownFileType = sourcecode.swift; path = ForeignInvestmentViewController.swift; sourceTree = "<group>"; };
		8ED642C72422112E00260E25 /* TrustViewController.swift */ = {isa = PBXFileReference; lastKnownFileType = sourcecode.swift; path = TrustViewController.swift; sourceTree = "<group>"; };
		8ED642C9242216C800260E25 /* SelfEmployedViewController.swift */ = {isa = PBXFileReference; lastKnownFileType = sourcecode.swift; path = SelfEmployedViewController.swift; sourceTree = "<group>"; };
		8EEE3E982469357100B1493E /* SSFCalculateViewController.swift */ = {isa = PBXFileReference; lastKnownFileType = sourcecode.swift; path = SSFCalculateViewController.swift; sourceTree = "<group>"; };
		8EEE3E9A246BDCFB00B1493E /* ThreeViewController.swift */ = {isa = PBXFileReference; lastKnownFileType = sourcecode.swift; path = ThreeViewController.swift; sourceTree = "<group>"; };
		8EF0005C23482F7D002ED120 /* MUIViewController.swift */ = {isa = PBXFileReference; lastKnownFileType = sourcecode.swift; path = MUIViewController.swift; sourceTree = "<group>"; };
		9F766B3A074084E1FE467A17 /* Pods-stockcomputer.debug.xcconfig */ = {isa = PBXFileReference; includeInIndex = 1; lastKnownFileType = text.xcconfig; name = "Pods-stockcomputer.debug.xcconfig"; path = "Target Support Files/Pods-stockcomputer/Pods-stockcomputer.debug.xcconfig"; sourceTree = "<group>"; };
		A48412A590B2B1067F15F72A /* Pods-stockcomputer.release.xcconfig */ = {isa = PBXFileReference; includeInIndex = 1; lastKnownFileType = text.xcconfig; name = "Pods-stockcomputer.release.xcconfig"; path = "Target Support Files/Pods-stockcomputer/Pods-stockcomputer.release.xcconfig"; sourceTree = "<group>"; };
		B72FB7E2235203A800701A1C /* stockcomputer.entitlements */ = {isa = PBXFileReference; lastKnownFileType = text.plist.entitlements; path = stockcomputer.entitlements; sourceTree = "<group>"; };
		B74F52FD220556330034DC5D /* stockcomputer.app */ = {isa = PBXFileReference; explicitFileType = wrapper.application; includeInIndex = 0; path = stockcomputer.app; sourceTree = BUILT_PRODUCTS_DIR; };
		B74F5300220556340034DC5D /* AppDelegate.swift */ = {isa = PBXFileReference; lastKnownFileType = sourcecode.swift; path = AppDelegate.swift; sourceTree = "<group>"; };
		B74F5302220556340034DC5D /* ViewController.swift */ = {isa = PBXFileReference; lastKnownFileType = sourcecode.swift; path = ViewController.swift; sourceTree = "<group>"; };
		B74F5305220556340034DC5D /* Base */ = {isa = PBXFileReference; lastKnownFileType = file.storyboard; name = Base; path = Base.lproj/Main.storyboard; sourceTree = "<group>"; };
		B74F5307220556350034DC5D /* Assets.xcassets */ = {isa = PBXFileReference; lastKnownFileType = folder.assetcatalog; path = Assets.xcassets; sourceTree = "<group>"; };
		B74F530C220556350034DC5D /* Info.plist */ = {isa = PBXFileReference; lastKnownFileType = text.plist.xml; path = Info.plist; sourceTree = "<group>"; };
		B74F53122205AB280034DC5D /* DayTradeViewController.swift */ = {isa = PBXFileReference; lastKnownFileType = sourcecode.swift; path = DayTradeViewController.swift; sourceTree = "<group>"; };
		B769047722A663DE00E1B53F /* EveryDayController.swift */ = {isa = PBXFileReference; lastKnownFileType = sourcecode.swift; path = EveryDayController.swift; sourceTree = "<group>"; };
		B77B6F632205D27A00A674D6 /* TradeDetailViewController.swift */ = {isa = PBXFileReference; lastKnownFileType = sourcecode.swift; path = TradeDetailViewController.swift; sourceTree = "<group>"; };
		B77B6F652205D53300A674D6 /* MarginController.swift */ = {isa = PBXFileReference; lastKnownFileType = sourcecode.swift; path = MarginController.swift; sourceTree = "<group>"; };
		B7E0A4612269998E00CF6005 /* HongKongController.swift */ = {isa = PBXFileReference; lastKnownFileType = sourcecode.swift; path = HongKongController.swift; sourceTree = "<group>"; };
		B7E8C173226F015500792815 /* DistributionController.swift */ = {isa = PBXFileReference; lastKnownFileType = sourcecode.swift; path = DistributionController.swift; sourceTree = "<group>"; };
		B7E8C17522700BA100792815 /* MyLaunchScreen.storyboard */ = {isa = PBXFileReference; lastKnownFileType = file.storyboard; path = MyLaunchScreen.storyboard; sourceTree = "<group>"; };
		B7E8C1772270197900792815 /* FBLoginViewController.swift */ = {isa = PBXFileReference; lastKnownFileType = sourcecode.swift; path = FBLoginViewController.swift; sourceTree = "<group>"; };
		B7E8C17B2271B65E00792815 /* FirebaseWorks.swift */ = {isa = PBXFileReference; lastKnownFileType = sourcecode.swift; path = FirebaseWorks.swift; sourceTree = "<group>"; };
		F377183FF9FA30554DD880DA /* Pods_stockcomputer.framework */ = {isa = PBXFileReference; explicitFileType = wrapper.framework; includeInIndex = 0; path = Pods_stockcomputer.framework; sourceTree = BUILT_PRODUCTS_DIR; };
/* End PBXFileReference section */

/* Begin PBXFrameworksBuildPhase section */
		B74F52FA220556330034DC5D /* Frameworks */ = {
			isa = PBXFrameworksBuildPhase;
			buildActionMask = 2147483647;
			files = (
				8E871231234AFF1000795029 /* StoreKit.framework in Frameworks */,
				B7CF06CB11EB1F4AE60EC971 /* Pods_stockcomputer.framework in Frameworks */,
			);
			runOnlyForDeploymentPostprocessing = 0;
		};
/* End PBXFrameworksBuildPhase section */

/* Begin PBXGroup section */
		35086B5ED06380A2DD1A4C73 /* Pods */ = {
			isa = PBXGroup;
			children = (
				9F766B3A074084E1FE467A17 /* Pods-stockcomputer.debug.xcconfig */,
				A48412A590B2B1067F15F72A /* Pods-stockcomputer.release.xcconfig */,
			);
			path = Pods;
			sourceTree = "<group>";
		};
		800E96CB366DE4F2D1B2957F /* Frameworks */ = {
			isa = PBXGroup;
			children = (
				8E871230234AFF1000795029 /* StoreKit.framework */,
				F377183FF9FA30554DD880DA /* Pods_stockcomputer.framework */,
			);
			name = Frameworks;
			sourceTree = "<group>";
		};
		B74F52F4220556330034DC5D = {
			isa = PBXGroup;
			children = (
				B74F52FF220556330034DC5D /* stockcomputer */,
				B74F52FE220556330034DC5D /* Products */,
				35086B5ED06380A2DD1A4C73 /* Pods */,
				800E96CB366DE4F2D1B2957F /* Frameworks */,
			);
			sourceTree = "<group>";
		};
		B74F52FE220556330034DC5D /* Products */ = {
			isa = PBXGroup;
			children = (
				B74F52FD220556330034DC5D /* stockcomputer.app */,
			);
			name = Products;
			sourceTree = "<group>";
		};
		B74F52FF220556330034DC5D /* stockcomputer */ = {
			isa = PBXGroup;
			children = (
				8E781F76248DD39A00F1224B /* GoogleService-Info.plist */,
				B72FB7E2235203A800701A1C /* stockcomputer.entitlements */,
				B74F5300220556340034DC5D /* AppDelegate.swift */,
				B74F5302220556340034DC5D /* ViewController.swift */,
				B74F53122205AB280034DC5D /* DayTradeViewController.swift */,
				B74F5304220556340034DC5D /* Main.storyboard */,
				B74F5307220556350034DC5D /* Assets.xcassets */,
				B74F530C220556350034DC5D /* Info.plist */,
				B77B6F632205D27A00A674D6 /* TradeDetailViewController.swift */,
				B77B6F652205D53300A674D6 /* MarginController.swift */,
				B7E0A4612269998E00CF6005 /* HongKongController.swift */,
				B7E8C173226F015500792815 /* DistributionController.swift */,
				B7E8C17522700BA100792815 /* MyLaunchScreen.storyboard */,
				B7E8C1772270197900792815 /* FBLoginViewController.swift */,
				B7E8C17B2271B65E00792815 /* FirebaseWorks.swift */,
				B769047722A663DE00E1B53F /* EveryDayController.swift */,
				8EF0005C23482F7D002ED120 /* MUIViewController.swift */,
				8E87122A23489A3B00795029 /* Base64Manager.swift */,
				8E87122C23489E7000795029 /* CamerManager.swift */,
				8E87122E234ADCE000795029 /* MemberCenterViewController.swift */,
				8E10DDAE234C3402006A46F2 /* MGoogleADViewController.swift */,
				8E10DDB0234C5FE3006A46F2 /* MapViewController.swift */,
				8E10DDB2234C6AC8006A46F2 /* MapManager.swift */,
				8E10DDB82359A955006A46F2 /* StockNumberViewController.swift */,
				8EBF797F236978F000E569C2 /* QAListViewController.swift */,
				8EBF7983236ACE8E00E569C2 /* TimerManager.swift */,
				8E2AB6D2238E1DA20079910F /* FuturesViewController.swift */,
				8E48E4E723EBB2A500384D25 /* SellAndPutViewController.swift */,
				8E48E4E923F131CC00384D25 /* ShareListViewController.swift */,
				8E48E4EF23F3E48700384D25 /* FirebaseManager.swift */,
				8E48E4F123F3E4E000384D25 /* UiManager.swift */,
				8E48E4F323F3E66600384D25 /* DateManager.swift */,
				8ED642BB2420671300260E25 /* GetStockPriceManger.swift */,
				8ED642BD242070EA00260E25 /* StockListViewController.swift */,
				8ED642C124209F1600260E25 /* StockData.swift */,
				8ED642C32420C09400260E25 /* StockDetailViewController.swift */,
				8ED642C52421F1E700260E25 /* ForeignInvestmentViewController.swift */,
				8ED642C72422112E00260E25 /* TrustViewController.swift */,
				8ED642C9242216C800260E25 /* SelfEmployedViewController.swift */,
				8EB01C982422197400A7E992 /* BrokerViewController.swift */,
				8EB01C9A242345F000A7E992 /* QuotesViewController.swift */,
				8EB01C9C242C87C100A7E992 /* ProFitViewController.swift */,
				8ED1CB4A244856570050B5A4 /* SelectViewController.swift */,
				8E898F1D2462BDEC0072E3AA /* OtherViewController.swift */,
				8E898F1F2463E37A0072E3AA /* SSFViewController.swift */,
				8EEE3E982469357100B1493E /* SSFCalculateViewController.swift */,
				8EEE3E9A246BDCFB00B1493E /* ThreeViewController.swift */,
				8E2765622474C6810024573B /* Financing ViewController.swift */,
				8E276564247D18E20024573B /* IAPViewController.swift */,
				8EB8B6BE2484D5D500F14AEE /* IAPurchaseViewControllerDelegate.swift */,
				8E485E8F24BE9EAF005E718E /* AddNewsViewController.swift */,
				8ED629F124C6C6DE00908253 /* ShareStockItem.swift */,
				8ED629F624C8079300908253 /* ShareDetailViewController.swift */,
				8ED62A0A24DD2E3500908253 /* WarrantViewController.swift */,
			);
			path = stockcomputer;
			sourceTree = "<group>";
		};
/* End PBXGroup section */

/* Begin PBXNativeTarget section */
		B74F52FC220556330034DC5D /* stockcomputer */ = {
			isa = PBXNativeTarget;
			buildConfigurationList = B74F530F220556350034DC5D /* Build configuration list for PBXNativeTarget "stockcomputer" */;
			buildPhases = (
				774EAA4CCAE574C25F60EB38 /* [CP] Check Pods Manifest.lock */,
				B74F52F9220556330034DC5D /* Sources */,
				B74F52FA220556330034DC5D /* Frameworks */,
				B74F52FB220556330034DC5D /* Resources */,
				6C9BFCCA14AAF821D63C0F6F /* [CP] Embed Pods Frameworks */,
				474DACA0DB2D8DAEC9382D3D /* [CP] Copy Pods Resources */,
			);
			buildRules = (
			);
			dependencies = (
			);
			name = stockcomputer;
			productName = stockcomputer;
			productReference = B74F52FD220556330034DC5D /* stockcomputer.app */;
			productType = "com.apple.product-type.application";
		};
/* End PBXNativeTarget section */

/* Begin PBXProject section */
		B74F52F5220556330034DC5D /* Project object */ = {
			isa = PBXProject;
			attributes = {
				LastSwiftUpdateCheck = 1010;
				LastUpgradeCheck = 1150;
				ORGANIZATIONNAME = jackpan;
				TargetAttributes = {
					B74F52FC220556330034DC5D = {
						CreatedOnToolsVersion = 10.1;
					};
				};
			};
			buildConfigurationList = B74F52F8220556330034DC5D /* Build configuration list for PBXProject "stockcomputer" */;
			compatibilityVersion = "Xcode 9.3";
			developmentRegion = en;
			hasScannedForEncodings = 0;
			knownRegions = (
				en,
				Base,
			);
			mainGroup = B74F52F4220556330034DC5D;
			productRefGroup = B74F52FE220556330034DC5D /* Products */;
			projectDirPath = "";
			projectRoot = "";
			targets = (
				B74F52FC220556330034DC5D /* stockcomputer */,
			);
		};
/* End PBXProject section */

/* Begin PBXResourcesBuildPhase section */
		B74F52FB220556330034DC5D /* Resources */ = {
			isa = PBXResourcesBuildPhase;
			buildActionMask = 2147483647;
			files = (
				B7E8C17622700BA100792815 /* MyLaunchScreen.storyboard in Resources */,
				8E781F77248DD39A00F1224B /* GoogleService-Info.plist in Resources */,
				B74F5308220556350034DC5D /* Assets.xcassets in Resources */,
				B74F5306220556340034DC5D /* Main.storyboard in Resources */,
			);
			runOnlyForDeploymentPostprocessing = 0;
		};
/* End PBXResourcesBuildPhase section */

/* Begin PBXShellScriptBuildPhase section */
		474DACA0DB2D8DAEC9382D3D /* [CP] Copy Pods Resources */ = {
			isa = PBXShellScriptBuildPhase;
			buildActionMask = 2147483647;
			files = (
			);
			inputFileListPaths = (
				"${PODS_ROOT}/Target Support Files/Pods-stockcomputer/Pods-stockcomputer-resources-${CONFIGURATION}-input-files.xcfilelist",
			);
			name = "[CP] Copy Pods Resources";
			outputFileListPaths = (
				"${PODS_ROOT}/Target Support Files/Pods-stockcomputer/Pods-stockcomputer-resources-${CONFIGURATION}-output-files.xcfilelist",
			);
			runOnlyForDeploymentPostprocessing = 0;
			shellPath = /bin/sh;
			shellScript = "\"${PODS_ROOT}/Target Support Files/Pods-stockcomputer/Pods-stockcomputer-resources.sh\"\n";
			showEnvVarsInLog = 0;
		};
		6C9BFCCA14AAF821D63C0F6F /* [CP] Embed Pods Frameworks */ = {
			isa = PBXShellScriptBuildPhase;
			buildActionMask = 2147483647;
			files = (
			);
			inputFileListPaths = (
				"${PODS_ROOT}/Target Support Files/Pods-stockcomputer/Pods-stockcomputer-frameworks-${CONFIGURATION}-input-files.xcfilelist",
			);
			name = "[CP] Embed Pods Frameworks";
			outputFileListPaths = (
				"${PODS_ROOT}/Target Support Files/Pods-stockcomputer/Pods-stockcomputer-frameworks-${CONFIGURATION}-output-files.xcfilelist",
			);
			runOnlyForDeploymentPostprocessing = 0;
			shellPath = /bin/sh;
			shellScript = "\"${PODS_ROOT}/Target Support Files/Pods-stockcomputer/Pods-stockcomputer-frameworks.sh\"\n";
			showEnvVarsInLog = 0;
		};
		774EAA4CCAE574C25F60EB38 /* [CP] Check Pods Manifest.lock */ = {
			isa = PBXShellScriptBuildPhase;
			buildActionMask = 2147483647;
			files = (
			);
			inputFileListPaths = (
			);
			inputPaths = (
				"${PODS_PODFILE_DIR_PATH}/Podfile.lock",
				"${PODS_ROOT}/Manifest.lock",
			);
			name = "[CP] Check Pods Manifest.lock";
			outputFileListPaths = (
			);
			outputPaths = (
				"$(DERIVED_FILE_DIR)/Pods-stockcomputer-checkManifestLockResult.txt",
			);
			runOnlyForDeploymentPostprocessing = 0;
			shellPath = /bin/sh;
			shellScript = "diff \"${PODS_PODFILE_DIR_PATH}/Podfile.lock\" \"${PODS_ROOT}/Manifest.lock\" > /dev/null\nif [ $? != 0 ] ; then\n    # print error to STDERR\n    echo \"error: The sandbox is not in sync with the Podfile.lock. Run 'pod install' or update your CocoaPods installation.\" >&2\n    exit 1\nfi\n# This output is used by Xcode 'outputs' to avoid re-running this script phase.\necho \"SUCCESS\" > \"${SCRIPT_OUTPUT_FILE_0}\"\n";
			showEnvVarsInLog = 0;
		};
/* End PBXShellScriptBuildPhase section */

/* Begin PBXSourcesBuildPhase section */
		B74F52F9220556330034DC5D /* Sources */ = {
			isa = PBXSourcesBuildPhase;
			buildActionMask = 2147483647;
			files = (
				8EB8B6BF2484D5D500F14AEE /* IAPurchaseViewControllerDelegate.swift in Sources */,
				8ED642C42420C09500260E25 /* StockDetailViewController.swift in Sources */,
				B7E0A4622269998E00CF6005 /* HongKongController.swift in Sources */,
				8E48E4F023F3E48800384D25 /* FirebaseManager.swift in Sources */,
				8ED62A0B24DD2E3500908253 /* WarrantViewController.swift in Sources */,
				8E2AB6D3238E1DA20079910F /* FuturesViewController.swift in Sources */,
				8EEE3E9B246BDCFC00B1493E /* ThreeViewController.swift in Sources */,
				B769047822A663DE00E1B53F /* EveryDayController.swift in Sources */,
				B77B6F642205D27A00A674D6 /* TradeDetailViewController.swift in Sources */,
				8E276565247D18E20024573B /* IAPViewController.swift in Sources */,
				B74F5303220556340034DC5D /* ViewController.swift in Sources */,
				8ED1CB4B244856570050B5A4 /* SelectViewController.swift in Sources */,
				8E48E4EA23F131CC00384D25 /* ShareListViewController.swift in Sources */,
				8ED642BC2420671300260E25 /* GetStockPriceManger.swift in Sources */,
				8ED642C224209F1600260E25 /* StockData.swift in Sources */,
				8EB01C9D242C87C100A7E992 /* ProFitViewController.swift in Sources */,
				8E48E4F223F3E4E000384D25 /* UiManager.swift in Sources */,
				8EF0005D23482F7D002ED120 /* MUIViewController.swift in Sources */,
				8E87122D23489E7000795029 /* CamerManager.swift in Sources */,
				8EB01C992422197400A7E992 /* BrokerViewController.swift in Sources */,
				8ED629F224C6C6DE00908253 /* ShareStockItem.swift in Sources */,
				8E48E4E823EBB2A500384D25 /* SellAndPutViewController.swift in Sources */,
				8EBF7984236ACE8E00E569C2 /* TimerManager.swift in Sources */,
				8EEE3E992469357100B1493E /* SSFCalculateViewController.swift in Sources */,
				8E10DDB92359A955006A46F2 /* StockNumberViewController.swift in Sources */,
				8E10DDAF234C3402006A46F2 /* MGoogleADViewController.swift in Sources */,
				8E48E4F423F3E66600384D25 /* DateManager.swift in Sources */,
				8EBF7980236978F000E569C2 /* QAListViewController.swift in Sources */,
				8E898F202463E37A0072E3AA /* SSFViewController.swift in Sources */,
				B7E8C1782270197900792815 /* FBLoginViewController.swift in Sources */,
				8E10DDB1234C5FE3006A46F2 /* MapViewController.swift in Sources */,
				B7E8C17C2271B65E00792815 /* FirebaseWorks.swift in Sources */,
				8ED642C82422112E00260E25 /* TrustViewController.swift in Sources */,
				B77B6F662205D53300A674D6 /* MarginController.swift in Sources */,
				8E485E9024BE9EAF005E718E /* AddNewsViewController.swift in Sources */,
				B74F53132205AB280034DC5D /* DayTradeViewController.swift in Sources */,
				8E898F1E2462BDEC0072E3AA /* OtherViewController.swift in Sources */,
				8ED629F724C8079300908253 /* ShareDetailViewController.swift in Sources */,
				B74F5301220556340034DC5D /* AppDelegate.swift in Sources */,
				8ED642C62421F1E700260E25 /* ForeignInvestmentViewController.swift in Sources */,
				8ED642BE242070EA00260E25 /* StockListViewController.swift in Sources */,
				B7E8C174226F015500792815 /* DistributionController.swift in Sources */,
				8ED642CA242216C800260E25 /* SelfEmployedViewController.swift in Sources */,
				8E87122B23489A3B00795029 /* Base64Manager.swift in Sources */,
				8E87122F234ADCE000795029 /* MemberCenterViewController.swift in Sources */,
				8E10DDB3234C6AC8006A46F2 /* MapManager.swift in Sources */,
				8E2765632474C6810024573B /* Financing ViewController.swift in Sources */,
				8EB01C9B242345F000A7E992 /* QuotesViewController.swift in Sources */,
			);
			runOnlyForDeploymentPostprocessing = 0;
		};
/* End PBXSourcesBuildPhase section */

/* Begin PBXVariantGroup section */
		B74F5304220556340034DC5D /* Main.storyboard */ = {
			isa = PBXVariantGroup;
			children = (
				B74F5305220556340034DC5D /* Base */,
			);
			name = Main.storyboard;
			sourceTree = "<group>";
		};
/* End PBXVariantGroup section */

/* Begin XCBuildConfiguration section */
		B74F530D220556350034DC5D /* Debug */ = {
			isa = XCBuildConfiguration;
			buildSettings = {
				ALWAYS_SEARCH_USER_PATHS = NO;
				CLANG_ANALYZER_NONNULL = YES;
				CLANG_ANALYZER_NUMBER_OBJECT_CONVERSION = YES_AGGRESSIVE;
				CLANG_CXX_LANGUAGE_STANDARD = "gnu++14";
				CLANG_CXX_LIBRARY = "libc++";
				CLANG_ENABLE_MODULES = YES;
				CLANG_ENABLE_OBJC_ARC = YES;
				CLANG_ENABLE_OBJC_WEAK = YES;
				CLANG_WARN_BLOCK_CAPTURE_AUTORELEASING = YES;
				CLANG_WARN_BOOL_CONVERSION = YES;
				CLANG_WARN_COMMA = YES;
				CLANG_WARN_CONSTANT_CONVERSION = YES;
				CLANG_WARN_DEPRECATED_OBJC_IMPLEMENTATIONS = YES;
				CLANG_WARN_DIRECT_OBJC_ISA_USAGE = YES_ERROR;
				CLANG_WARN_DOCUMENTATION_COMMENTS = YES;
				CLANG_WARN_EMPTY_BODY = YES;
				CLANG_WARN_ENUM_CONVERSION = YES;
				CLANG_WARN_INFINITE_RECURSION = YES;
				CLANG_WARN_INT_CONVERSION = YES;
				CLANG_WARN_NON_LITERAL_NULL_CONVERSION = YES;
				CLANG_WARN_OBJC_IMPLICIT_RETAIN_SELF = YES;
				CLANG_WARN_OBJC_LITERAL_CONVERSION = YES;
				CLANG_WARN_OBJC_ROOT_CLASS = YES_ERROR;
				CLANG_WARN_RANGE_LOOP_ANALYSIS = YES;
				CLANG_WARN_STRICT_PROTOTYPES = YES;
				CLANG_WARN_SUSPICIOUS_MOVE = YES;
				CLANG_WARN_UNGUARDED_AVAILABILITY = YES_AGGRESSIVE;
				CLANG_WARN_UNREACHABLE_CODE = YES;
				CLANG_WARN__DUPLICATE_METHOD_MATCH = YES;
				CODE_SIGN_IDENTITY = "iPhone Developer";
				COPY_PHASE_STRIP = NO;
				DEBUG_INFORMATION_FORMAT = "dwarf-with-dsym";
				ENABLE_STRICT_OBJC_MSGSEND = YES;
				ENABLE_TESTABILITY = YES;
				GCC_C_LANGUAGE_STANDARD = gnu11;
				GCC_DYNAMIC_NO_PIC = NO;
				GCC_NO_COMMON_BLOCKS = YES;
				GCC_OPTIMIZATION_LEVEL = 0;
				GCC_PREPROCESSOR_DEFINITIONS = (
					"DEBUG=1",
					"$(inherited)",
				);
				GCC_WARN_64_TO_32_BIT_CONVERSION = YES;
				GCC_WARN_ABOUT_RETURN_TYPE = YES_ERROR;
				GCC_WARN_UNDECLARED_SELECTOR = YES;
				GCC_WARN_UNINITIALIZED_AUTOS = YES_AGGRESSIVE;
				GCC_WARN_UNUSED_FUNCTION = YES;
				GCC_WARN_UNUSED_VARIABLE = YES;
				IPHONEOS_DEPLOYMENT_TARGET = 12.0;
				MTL_ENABLE_DEBUG_INFO = INCLUDE_SOURCE;
				MTL_FAST_MATH = YES;
				ONLY_ACTIVE_ARCH = YES;
				SDKROOT = iphoneos;
				SWIFT_ACTIVE_COMPILATION_CONDITIONS = DEBUG;
				SWIFT_OPTIMIZATION_LEVEL = "-Onone";
			};
			name = Debug;
		};
		B74F530E220556350034DC5D /* Release */ = {
			isa = XCBuildConfiguration;
			buildSettings = {
				ALWAYS_SEARCH_USER_PATHS = NO;
				CLANG_ANALYZER_NONNULL = YES;
				CLANG_ANALYZER_NUMBER_OBJECT_CONVERSION = YES_AGGRESSIVE;
				CLANG_CXX_LANGUAGE_STANDARD = "gnu++14";
				CLANG_CXX_LIBRARY = "libc++";
				CLANG_ENABLE_MODULES = YES;
				CLANG_ENABLE_OBJC_ARC = YES;
				CLANG_ENABLE_OBJC_WEAK = YES;
				CLANG_WARN_BLOCK_CAPTURE_AUTORELEASING = YES;
				CLANG_WARN_BOOL_CONVERSION = YES;
				CLANG_WARN_COMMA = YES;
				CLANG_WARN_CONSTANT_CONVERSION = YES;
				CLANG_WARN_DEPRECATED_OBJC_IMPLEMENTATIONS = YES;
				CLANG_WARN_DIRECT_OBJC_ISA_USAGE = YES_ERROR;
				CLANG_WARN_DOCUMENTATION_COMMENTS = YES;
				CLANG_WARN_EMPTY_BODY = YES;
				CLANG_WARN_ENUM_CONVERSION = YES;
				CLANG_WARN_INFINITE_RECURSION = YES;
				CLANG_WARN_INT_CONVERSION = YES;
				CLANG_WARN_NON_LITERAL_NULL_CONVERSION = YES;
				CLANG_WARN_OBJC_IMPLICIT_RETAIN_SELF = YES;
				CLANG_WARN_OBJC_LITERAL_CONVERSION = YES;
				CLANG_WARN_OBJC_ROOT_CLASS = YES_ERROR;
				CLANG_WARN_RANGE_LOOP_ANALYSIS = YES;
				CLANG_WARN_STRICT_PROTOTYPES = YES;
				CLANG_WARN_SUSPICIOUS_MOVE = YES;
				CLANG_WARN_UNGUARDED_AVAILABILITY = YES_AGGRESSIVE;
				CLANG_WARN_UNREACHABLE_CODE = YES;
				CLANG_WARN__DUPLICATE_METHOD_MATCH = YES;
				CODE_SIGN_IDENTITY = "iPhone Developer";
				COPY_PHASE_STRIP = NO;
				DEBUG_INFORMATION_FORMAT = "dwarf-with-dsym";
				ENABLE_NS_ASSERTIONS = NO;
				ENABLE_STRICT_OBJC_MSGSEND = YES;
				GCC_C_LANGUAGE_STANDARD = gnu11;
				GCC_NO_COMMON_BLOCKS = YES;
				GCC_WARN_64_TO_32_BIT_CONVERSION = YES;
				GCC_WARN_ABOUT_RETURN_TYPE = YES_ERROR;
				GCC_WARN_UNDECLARED_SELECTOR = YES;
				GCC_WARN_UNINITIALIZED_AUTOS = YES_AGGRESSIVE;
				GCC_WARN_UNUSED_FUNCTION = YES;
				GCC_WARN_UNUSED_VARIABLE = YES;
				IPHONEOS_DEPLOYMENT_TARGET = 12.0;
				MTL_ENABLE_DEBUG_INFO = NO;
				MTL_FAST_MATH = YES;
				SDKROOT = iphoneos;
				SWIFT_COMPILATION_MODE = wholemodule;
				SWIFT_OPTIMIZATION_LEVEL = "-O";
				VALIDATE_PRODUCT = YES;
			};
			name = Release;
		};
		B74F5310220556350034DC5D /* Debug */ = {
			isa = XCBuildConfiguration;
			baseConfigurationReference = 9F766B3A074084E1FE467A17 /* Pods-stockcomputer.debug.xcconfig */;
			buildSettings = {
				ASSETCATALOG_COMPILER_APPICON_NAME = AppIcon;
				CODE_SIGN_ENTITLEMENTS = stockcomputer/stockcomputer.entitlements;
				CODE_SIGN_IDENTITY = "Apple Development";
				CODE_SIGN_STYLE = Automatic;
				CURRENT_PROJECT_VERSION = 88;
				DEVELOPMENT_TEAM = 9SDG9LYLGC;
				INFOPLIST_FILE = stockcomputer/Info.plist;
				IPHONEOS_DEPLOYMENT_TARGET = 12.0;
				LD_RUNPATH_SEARCH_PATHS = (
					"$(inherited)",
					"@executable_path/Frameworks",
				);
				LIBRARY_SEARCH_PATHS = (
					"$(inherited)",
					"$(PROJECT_DIR)/stockcomputer",
					"$(PROJECT_DIR)",
				);
				MARKETING_VERSION = 8.8;
				PRODUCT_BUNDLE_IDENTIFIER = com.jackpan.stockcomputer;
				PRODUCT_NAME = "$(TARGET_NAME)";
				SWIFT_VERSION = 4.2;
				TARGETED_DEVICE_FAMILY = 1;
			};
			name = Debug;
		};
		B74F5311220556350034DC5D /* Release */ = {
			isa = XCBuildConfiguration;
			baseConfigurationReference = A48412A590B2B1067F15F72A /* Pods-stockcomputer.release.xcconfig */;
			buildSettings = {
				ASSETCATALOG_COMPILER_APPICON_NAME = AppIcon;
				CODE_SIGN_ENTITLEMENTS = stockcomputer/stockcomputer.entitlements;
				CODE_SIGN_IDENTITY = "Apple Development";
				CODE_SIGN_STYLE = Automatic;
				CURRENT_PROJECT_VERSION = 88;
				DEVELOPMENT_TEAM = 9SDG9LYLGC;
				INFOPLIST_FILE = stockcomputer/Info.plist;
				IPHONEOS_DEPLOYMENT_TARGET = 12.0;
				LD_RUNPATH_SEARCH_PATHS = (
					"$(inherited)",
					"@executable_path/Frameworks",
				);
				LIBRARY_SEARCH_PATHS = (
					"$(inherited)",
					"$(PROJECT_DIR)/stockcomputer",
					"$(PROJECT_DIR)",
				);
				MARKETING_VERSION = 8.8;
				PRODUCT_BUNDLE_IDENTIFIER = com.jackpan.stockcomputer;
				PRODUCT_NAME = "$(TARGET_NAME)";
				SWIFT_VERSION = 4.2;
				TARGETED_DEVICE_FAMILY = 1;
			};
			name = Release;
		};
/* End XCBuildConfiguration section */

/* Begin XCConfigurationList section */
		B74F52F8220556330034DC5D /* Build configuration list for PBXProject "stockcomputer" */ = {
			isa = XCConfigurationList;
			buildConfigurations = (
				B74F530D220556350034DC5D /* Debug */,
				B74F530E220556350034DC5D /* Release */,
			);
			defaultConfigurationIsVisible = 0;
			defaultConfigurationName = Release;
		};
		B74F530F220556350034DC5D /* Build configuration list for PBXNativeTarget "stockcomputer" */ = {
			isa = XCConfigurationList;
			buildConfigurations = (
				B74F5310220556350034DC5D /* Debug */,
				B74F5311220556350034DC5D /* Release */,
			);
			defaultConfigurationIsVisible = 0;
			defaultConfigurationName = Release;
		};
/* End XCConfigurationList section */
	};
	rootObject = B74F52F5220556330034DC5D /* Project object */;
}
